// !$*UTF8*$!
{
	archiveVersion = 1;
	classes = {
	};
	objectVersion = 56;
	objects = {

/* Begin PBXBuildFile section */
		D1C70FAE2BF5051C00954815 /* card_warsApp.swift in Sources */ = {isa = PBXBuildFile; fileRef = D1C70FAD2BF5051C00954815 /* card_warsApp.swift */; };
		D1C70FB02BF5051C00954815 /* ContentView.swift in Sources */ = {isa = PBXBuildFile; fileRef = D1C70FAF2BF5051C00954815 /* ContentView.swift */; };
		D1C70FB22BF5051D00954815 /* Assets.xcassets in Resources */ = {isa = PBXBuildFile; fileRef = D1C70FB12BF5051D00954815 /* Assets.xcassets */; };
		D1C70FB52BF5051D00954815 /* Preview Assets.xcassets in Resources */ = {isa = PBXBuildFile; fileRef = D1C70FB42BF5051D00954815 /* Preview Assets.xcassets */; };
		D1C70FBF2BF5051E00954815 /* card_warsTests.swift in Sources */ = {isa = PBXBuildFile; fileRef = D1C70FBE2BF5051E00954815 /* card_warsTests.swift */; };
		D1C70FC92BF5051E00954815 /* card_warsUITests.swift in Sources */ = {isa = PBXBuildFile; fileRef = D1C70FC82BF5051E00954815 /* card_warsUITests.swift */; };
		D1C70FCB2BF5051E00954815 /* card_warsUITestsLaunchTests.swift in Sources */ = {isa = PBXBuildFile; fileRef = D1C70FCA2BF5051E00954815 /* card_warsUITestsLaunchTests.swift */; };
/* End PBXBuildFile section */

/* Begin PBXContainerItemProxy section */
		D1C70FBB2BF5051E00954815 /* PBXContainerItemProxy */ = {
			isa = PBXContainerItemProxy;
			containerPortal = D1C70FA22BF5051C00954815 /* Project object */;
			proxyType = 1;
			remoteGlobalIDString = D1C70FA92BF5051C00954815;
			remoteInfo = "card-wars";
		};
		D1C70FC52BF5051E00954815 /* PBXContainerItemProxy */ = {
			isa = PBXContainerItemProxy;
			containerPortal = D1C70FA22BF5051C00954815 /* Project object */;
			proxyType = 1;
			remoteGlobalIDString = D1C70FA92BF5051C00954815;
			remoteInfo = "card-wars";
		};
/* End PBXContainerItemProxy section */

/* Begin PBXFileReference section */
		D1C70FAA2BF5051C00954815 /* card-wars.app */ = {isa = PBXFileReference; explicitFileType = wrapper.application; includeInIndex = 0; path = "card-wars.app"; sourceTree = BUILT_PRODUCTS_DIR; };
		D1C70FAD2BF5051C00954815 /* card_warsApp.swift */ = {isa = PBXFileReference; lastKnownFileType = sourcecode.swift; path = card_warsApp.swift; sourceTree = "<group>"; };
		D1C70FAF2BF5051C00954815 /* ContentView.swift */ = {isa = PBXFileReference; lastKnownFileType = sourcecode.swift; path = ContentView.swift; sourceTree = "<group>"; };
		D1C70FB12BF5051D00954815 /* Assets.xcassets */ = {isa = PBXFileReference; lastKnownFileType = folder.assetcatalog; path = Assets.xcassets; sourceTree = "<group>"; };
		D1C70FB42BF5051D00954815 /* Preview Assets.xcassets */ = {isa = PBXFileReference; lastKnownFileType = folder.assetcatalog; path = "Preview Assets.xcassets"; sourceTree = "<group>"; };
		D1C70FBA2BF5051E00954815 /* card-warsTests.xctest */ = {isa = PBXFileReference; explicitFileType = wrapper.cfbundle; includeInIndex = 0; path = "card-warsTests.xctest"; sourceTree = BUILT_PRODUCTS_DIR; };
		D1C70FBE2BF5051E00954815 /* card_warsTests.swift */ = {isa = PBXFileReference; lastKnownFileType = sourcecode.swift; path = card_warsTests.swift; sourceTree = "<group>"; };
		D1C70FC42BF5051E00954815 /* card-warsUITests.xctest */ = {isa = PBXFileReference; explicitFileType = wrapper.cfbundle; includeInIndex = 0; path = "card-warsUITests.xctest"; sourceTree = BUILT_PRODUCTS_DIR; };
		D1C70FC82BF5051E00954815 /* card_warsUITests.swift */ = {isa = PBXFileReference; lastKnownFileType = sourcecode.swift; path = card_warsUITests.swift; sourceTree = "<group>"; };
		D1C70FCA2BF5051E00954815 /* card_warsUITestsLaunchTests.swift */ = {isa = PBXFileReference; lastKnownFileType = sourcecode.swift; path = card_warsUITestsLaunchTests.swift; sourceTree = "<group>"; };
/* End PBXFileReference section */

/* Begin PBXFrameworksBuildPhase section */
		D1C70FA72BF5051C00954815 /* Frameworks */ = {
			isa = PBXFrameworksBuildPhase;
			buildActionMask = 2147483647;
			files = (
			);
			runOnlyForDeploymentPostprocessing = 0;
		};
		D1C70FB72BF5051E00954815 /* Frameworks */ = {
			isa = PBXFrameworksBuildPhase;
			buildActionMask = 2147483647;
			files = (
			);
			runOnlyForDeploymentPostprocessing = 0;
		};
		D1C70FC12BF5051E00954815 /* Frameworks */ = {
			isa = PBXFrameworksBuildPhase;
			buildActionMask = 2147483647;
			files = (
			);
			runOnlyForDeploymentPostprocessing = 0;
		};
/* End PBXFrameworksBuildPhase section */

/* Begin PBXGroup section */
		D1C70FA12BF5051C00954815 = {
			isa = PBXGroup;
			children = (
				D1C70FAC2BF5051C00954815 /* card-wars */,
				D1C70FBD2BF5051E00954815 /* card-warsTests */,
				D1C70FC72BF5051E00954815 /* card-warsUITests */,
				D1C70FAB2BF5051C00954815 /* Products */,
			);
			sourceTree = "<group>";
		};
		D1C70FAB2BF5051C00954815 /* Products */ = {
			isa = PBXGroup;
			children = (
				D1C70FAA2BF5051C00954815 /* card-wars.app */,
				D1C70FBA2BF5051E00954815 /* card-warsTests.xctest */,
				D1C70FC42BF5051E00954815 /* card-warsUITests.xctest */,
			);
			name = Products;
			sourceTree = "<group>";
		};
		D1C70FAC2BF5051C00954815 /* card-wars */ = {
			isa = PBXGroup;
			children = (
				D1C70FAD2BF5051C00954815 /* card_warsApp.swift */,
				D1C70FAF2BF5051C00954815 /* ContentView.swift */,
				D1C70FB12BF5051D00954815 /* Assets.xcassets */,
				D1C70FB32BF5051D00954815 /* Preview Content */,
			);
			path = "card-wars";
			sourceTree = "<group>";
		};
		D1C70FB32BF5051D00954815 /* Preview Content */ = {
			isa = PBXGroup;
			children = (
				D1C70FB42BF5051D00954815 /* Preview Assets.xcassets */,
			);
			path = "Preview Content";
			sourceTree = "<group>";
		};
		D1C70FBD2BF5051E00954815 /* card-warsTests */ = {
			isa = PBXGroup;
			children = (
				D1C70FBE2BF5051E00954815 /* card_warsTests.swift */,
			);
			path = "card-warsTests";
			sourceTree = "<group>";
		};
		D1C70FC72BF5051E00954815 /* card-warsUITests */ = {
			isa = PBXGroup;
			children = (
				D1C70FC82BF5051E00954815 /* card_warsUITests.swift */,
				D1C70FCA2BF5051E00954815 /* card_warsUITestsLaunchTests.swift */,
			);
			path = "card-warsUITests";
			sourceTree = "<group>";
		};
/* End PBXGroup section */

/* Begin PBXNativeTarget section */
		D1C70FA92BF5051C00954815 /* card-wars */ = {
			isa = PBXNativeTarget;
			buildConfigurationList = D1C70FCE2BF5051E00954815 /* Build configuration list for PBXNativeTarget "card-wars" */;
			buildPhases = (
				D1C70FA62BF5051C00954815 /* Sources */,
				D1C70FA72BF5051C00954815 /* Frameworks */,
				D1C70FA82BF5051C00954815 /* Resources */,
			);
			buildRules = (
			);
			dependencies = (
			);
			name = "card-wars";
			productName = "card-wars";
			productReference = D1C70FAA2BF5051C00954815 /* card-wars.app */;
			productType = "com.apple.product-type.application";
		};
		D1C70FB92BF5051E00954815 /* card-warsTests */ = {
			isa = PBXNativeTarget;
			buildConfigurationList = D1C70FD12BF5051E00954815 /* Build configuration list for PBXNativeTarget "card-warsTests" */;
			buildPhases = (
				D1C70FB62BF5051E00954815 /* Sources */,
				D1C70FB72BF5051E00954815 /* Frameworks */,
				D1C70FB82BF5051E00954815 /* Resources */,
			);
			buildRules = (
			);
			dependencies = (
				D1C70FBC2BF5051E00954815 /* PBXTargetDependency */,
			);
			name = "card-warsTests";
			productName = "card-warsTests";
			productReference = D1C70FBA2BF5051E00954815 /* card-warsTests.xctest */;
			productType = "com.apple.product-type.bundle.unit-test";
		};
		D1C70FC32BF5051E00954815 /* card-warsUITests */ = {
			isa = PBXNativeTarget;
			buildConfigurationList = D1C70FD42BF5051E00954815 /* Build configuration list for PBXNativeTarget "card-warsUITests" */;
			buildPhases = (
				D1C70FC02BF5051E00954815 /* Sources */,
				D1C70FC12BF5051E00954815 /* Frameworks */,
				D1C70FC22BF5051E00954815 /* Resources */,
			);
			buildRules = (
			);
			dependencies = (
				D1C70FC62BF5051E00954815 /* PBXTargetDependency */,
			);
			name = "card-warsUITests";
			productName = "card-warsUITests";
			productReference = D1C70FC42BF5051E00954815 /* card-warsUITests.xctest */;
			productType = "com.apple.product-type.bundle.ui-testing";
		};
/* End PBXNativeTarget section */

/* Begin PBXProject section */
		D1C70FA22BF5051C00954815 /* Project object */ = {
			isa = PBXProject;
			attributes = {
				BuildIndependentTargetsInParallel = 1;
				LastSwiftUpdateCheck = 1540;
				LastUpgradeCheck = 1540;
				TargetAttributes = {
					D1C70FA92BF5051C00954815 = {
						CreatedOnToolsVersion = 15.4;
					};
					D1C70FB92BF5051E00954815 = {
						CreatedOnToolsVersion = 15.4;
						TestTargetID = D1C70FA92BF5051C00954815;
					};
					D1C70FC32BF5051E00954815 = {
						CreatedOnToolsVersion = 15.4;
						TestTargetID = D1C70FA92BF5051C00954815;
					};
				};
			};
			buildConfigurationList = D1C70FA52BF5051C00954815 /* Build configuration list for PBXProject "card-wars" */;
			compatibilityVersion = "Xcode 14.0";
			developmentRegion = en;
			hasScannedForEncodings = 0;
			knownRegions = (
				en,
				Base,
			);
			mainGroup = D1C70FA12BF5051C00954815;
			productRefGroup = D1C70FAB2BF5051C00954815 /* Products */;
			projectDirPath = "";
			projectRoot = "";
			targets = (
				D1C70FA92BF5051C00954815 /* card-wars */,
				D1C70FB92BF5051E00954815 /* card-warsTests */,
				D1C70FC32BF5051E00954815 /* card-warsUITests */,
			);
		};
/* End PBXProject section */

/* Begin PBXResourcesBuildPhase section */
		D1C70FA82BF5051C00954815 /* Resources */ = {
			isa = PBXResourcesBuildPhase;
			buildActionMask = 2147483647;
			files = (
				D1C70FB52BF5051D00954815 /* Preview Assets.xcassets in Resources */,
				D1C70FB22BF5051D00954815 /* Assets.xcassets in Resources */,
			);
			runOnlyForDeploymentPostprocessing = 0;
		};
		D1C70FB82BF5051E00954815 /* Resources */ = {
			isa = PBXResourcesBuildPhase;
			buildActionMask = 2147483647;
			files = (
			);
			runOnlyForDeploymentPostprocessing = 0;
		};
		D1C70FC22BF5051E00954815 /* Resources */ = {
			isa = PBXResourcesBuildPhase;
			buildActionMask = 2147483647;
			files = (
			);
			runOnlyForDeploymentPostprocessing = 0;
		};
/* End PBXResourcesBuildPhase section */

/* Begin PBXSourcesBuildPhase section */
		D1C70FA62BF5051C00954815 /* Sources */ = {
			isa = PBXSourcesBuildPhase;
			buildActionMask = 2147483647;
			files = (
				D1C70FB02BF5051C00954815 /* ContentView.swift in Sources */,
				D1C70FAE2BF5051C00954815 /* card_warsApp.swift in Sources */,
			);
			runOnlyForDeploymentPostprocessing = 0;
		};
		D1C70FB62BF5051E00954815 /* Sources */ = {
			isa = PBXSourcesBuildPhase;
			buildActionMask = 2147483647;
			files = (
				D1C70FBF2BF5051E00954815 /* card_warsTests.swift in Sources */,
			);
			runOnlyForDeploymentPostprocessing = 0;
		};
		D1C70FC02BF5051E00954815 /* Sources */ = {
			isa = PBXSourcesBuildPhase;
			buildActionMask = 2147483647;
			files = (
				D1C70FC92BF5051E00954815 /* card_warsUITests.swift in Sources */,
				D1C70FCB2BF5051E00954815 /* card_warsUITestsLaunchTests.swift in Sources */,
			);
			runOnlyForDeploymentPostprocessing = 0;
		};
/* End PBXSourcesBuildPhase section */

/* Begin PBXTargetDependency section */
		D1C70FBC2BF5051E00954815 /* PBXTargetDependency */ = {
			isa = PBXTargetDependency;
			target = D1C70FA92BF5051C00954815 /* card-wars */;
			targetProxy = D1C70FBB2BF5051E00954815 /* PBXContainerItemProxy */;
		};
		D1C70FC62BF5051E00954815 /* PBXTargetDependency */ = {
			isa = PBXTargetDependency;
			target = D1C70FA92BF5051C00954815 /* card-wars */;
			targetProxy = D1C70FC52BF5051E00954815 /* PBXContainerItemProxy */;
		};
/* End PBXTargetDependency section */

/* Begin XCBuildConfiguration section */
		D1C70FCC2BF5051E00954815 /* Debug */ = {
			isa = XCBuildConfiguration;
			buildSettings = {
				ALWAYS_SEARCH_USER_PATHS = NO;
				ASSETCATALOG_COMPILER_GENERATE_SWIFT_ASSET_SYMBOL_EXTENSIONS = YES;
				CLANG_ANALYZER_NONNULL = YES;
				CLANG_ANALYZER_NUMBER_OBJECT_CONVERSION = YES_AGGRESSIVE;
				CLANG_CXX_LANGUAGE_STANDARD = "gnu++20";
				CLANG_ENABLE_MODULES = YES;
				CLANG_ENABLE_OBJC_ARC = YES;
				CLANG_ENABLE_OBJC_WEAK = YES;
				CLANG_WARN_BLOCK_CAPTURE_AUTORELEASING = YES;
				CLANG_WARN_BOOL_CONVERSION = YES;
				CLANG_WARN_COMMA = YES;
				CLANG_WARN_CONSTANT_CONVERSION = YES;
				CLANG_WARN_DEPRECATED_OBJC_IMPLEMENTATIONS = YES;
				CLANG_WARN_DIRECT_OBJC_ISA_USAGE = YES_ERROR;
				CLANG_WARN_DOCUMENTATION_COMMENTS = YES;
				CLANG_WARN_EMPTY_BODY = YES;
				CLANG_WARN_ENUM_CONVERSION = YES;
				CLANG_WARN_INFINITE_RECURSION = YES;
				CLANG_WARN_INT_CONVERSION = YES;
				CLANG_WARN_NON_LITERAL_NULL_CONVERSION = YES;
				CLANG_WARN_OBJC_IMPLICIT_RETAIN_SELF = YES;
				CLANG_WARN_OBJC_LITERAL_CONVERSION = YES;
				CLANG_WARN_OBJC_ROOT_CLASS = YES_ERROR;
				CLANG_WARN_QUOTED_INCLUDE_IN_FRAMEWORK_HEADER = YES;
				CLANG_WARN_RANGE_LOOP_ANALYSIS = YES;
				CLANG_WARN_STRICT_PROTOTYPES = YES;
				CLANG_WARN_SUSPICIOUS_MOVE = YES;
				CLANG_WARN_UNGUARDED_AVAILABILITY = YES_AGGRESSIVE;
				CLANG_WARN_UNREACHABLE_CODE = YES;
				CLANG_WARN__DUPLICATE_METHOD_MATCH = YES;
				COPY_PHASE_STRIP = NO;
				DEBUG_INFORMATION_FORMAT = dwarf;
				ENABLE_STRICT_OBJC_MSGSEND = YES;
				ENABLE_TESTABILITY = YES;
				ENABLE_USER_SCRIPT_SANDBOXING = YES;
				GCC_C_LANGUAGE_STANDARD = gnu17;
				GCC_DYNAMIC_NO_PIC = NO;
				GCC_NO_COMMON_BLOCKS = YES;
				GCC_OPTIMIZATION_LEVEL = 0;
				GCC_PREPROCESSOR_DEFINITIONS = (
					"DEBUG=1",
					"$(inherited)",
				);
				GCC_WARN_64_TO_32_BIT_CONVERSION = YES;
				GCC_WARN_ABOUT_RETURN_TYPE = YES_ERROR;
				GCC_WARN_UNDECLARED_SELECTOR = YES;
				GCC_WARN_UNINITIALIZED_AUTOS = YES_AGGRESSIVE;
				GCC_WARN_UNUSED_FUNCTION = YES;
				GCC_WARN_UNUSED_VARIABLE = YES;
				IPHONEOS_DEPLOYMENT_TARGET = 17.5;
				LOCALIZATION_PREFERS_STRING_CATALOGS = YES;
				MTL_ENABLE_DEBUG_INFO = INCLUDE_SOURCE;
				MTL_FAST_MATH = YES;
				ONLY_ACTIVE_ARCH = YES;
				SDKROOT = iphoneos;
				SWIFT_ACTIVE_COMPILATION_CONDITIONS = "DEBUG $(inherited)";
				SWIFT_OPTIMIZATION_LEVEL = "-Onone";
			};
			name = Debug;
		};
		D1C70FCD2BF5051E00954815 /* Release */ = {
			isa = XCBuildConfiguration;
			buildSettings = {
				ALWAYS_SEARCH_USER_PATHS = NO;
				ASSETCATALOG_COMPILER_GENERATE_SWIFT_ASSET_SYMBOL_EXTENSIONS = YES;
				CLANG_ANALYZER_NONNULL = YES;
				CLANG_ANALYZER_NUMBER_OBJECT_CONVERSION = YES_AGGRESSIVE;
				CLANG_CXX_LANGUAGE_STANDARD = "gnu++20";
				CLANG_ENABLE_MODULES = YES;
				CLANG_ENABLE_OBJC_ARC = YES;
				CLANG_ENABLE_OBJC_WEAK = YES;
				CLANG_WARN_BLOCK_CAPTURE_AUTORELEASING = YES;
				CLANG_WARN_BOOL_CONVERSION = YES;
				CLANG_WARN_COMMA = YES;
				CLANG_WARN_CONSTANT_CONVERSION = YES;
				CLANG_WARN_DEPRECATED_OBJC_IMPLEMENTATIONS = YES;
				CLANG_WARN_DIRECT_OBJC_ISA_USAGE = YES_ERROR;
				CLANG_WARN_DOCUMENTATION_COMMENTS = YES;
				CLANG_WARN_EMPTY_BODY = YES;
				CLANG_WARN_ENUM_CONVERSION = YES;
				CLANG_WARN_INFINITE_RECURSION = YES;
				CLANG_WARN_INT_CONVERSION = YES;
				CLANG_WARN_NON_LITERAL_NULL_CONVERSION = YES;
				CLANG_WARN_OBJC_IMPLICIT_RETAIN_SELF = YES;
				CLANG_WARN_OBJC_LITERAL_CONVERSION = YES;
				CLANG_WARN_OBJC_ROOT_CLASS = YES_ERROR;
				CLANG_WARN_QUOTED_INCLUDE_IN_FRAMEWORK_HEADER = YES;
				CLANG_WARN_RANGE_LOOP_ANALYSIS = YES;
				CLANG_WARN_STRICT_PROTOTYPES = YES;
				CLANG_WARN_SUSPICIOUS_MOVE = YES;
				CLANG_WARN_UNGUARDED_AVAILABILITY = YES_AGGRESSIVE;
				CLANG_WARN_UNREACHABLE_CODE = YES;
				CLANG_WARN__DUPLICATE_METHOD_MATCH = YES;
				COPY_PHASE_STRIP = NO;
				DEBUG_INFORMATION_FORMAT = "dwarf-with-dsym";
				ENABLE_NS_ASSERTIONS = NO;
				ENABLE_STRICT_OBJC_MSGSEND = YES;
				ENABLE_USER_SCRIPT_SANDBOXING = YES;
				GCC_C_LANGUAGE_STANDARD = gnu17;
				GCC_NO_COMMON_BLOCKS = YES;
				GCC_WARN_64_TO_32_BIT_CONVERSION = YES;
				GCC_WARN_ABOUT_RETURN_TYPE = YES_ERROR;
				GCC_WARN_UNDECLARED_SELECTOR = YES;
				GCC_WARN_UNINITIALIZED_AUTOS = YES_AGGRESSIVE;
				GCC_WARN_UNUSED_FUNCTION = YES;
				GCC_WARN_UNUSED_VARIABLE = YES;
				IPHONEOS_DEPLOYMENT_TARGET = 17.5;
				LOCALIZATION_PREFERS_STRING_CATALOGS = YES;
				MTL_ENABLE_DEBUG_INFO = NO;
				MTL_FAST_MATH = YES;
				SDKROOT = iphoneos;
				SWIFT_COMPILATION_MODE = wholemodule;
				VALIDATE_PRODUCT = YES;
			};
			name = Release;
		};
		D1C70FCF2BF5051E00954815 /* Debug */ = {
			isa = XCBuildConfiguration;
			buildSettings = {
				ASSETCATALOG_COMPILER_APPICON_NAME = AppIcon;
				ASSETCATALOG_COMPILER_GLOBAL_ACCENT_COLOR_NAME = AccentColor;
				CODE_SIGN_STYLE = Automatic;
				CURRENT_PROJECT_VERSION = 1;
				DEVELOPMENT_ASSET_PATHS = "\"card-wars/Preview Content\"";
				DEVELOPMENT_TEAM = X7TST247BQ;
				ENABLE_PREVIEWS = YES;
				GENERATE_INFOPLIST_FILE = YES;
				INFOPLIST_KEY_UIApplicationSceneManifest_Generation = YES;
				INFOPLIST_KEY_UIApplicationSupportsIndirectInputEvents = YES;
				INFOPLIST_KEY_UILaunchScreen_Generation = YES;
				INFOPLIST_KEY_UISupportedInterfaceOrientations_iPad = "UIInterfaceOrientationPortrait UIInterfaceOrientationPortraitUpsideDown UIInterfaceOrientationLandscapeLeft UIInterfaceOrientationLandscapeRight";
				INFOPLIST_KEY_UISupportedInterfaceOrientations_iPhone = "UIInterfaceOrientationPortrait UIInterfaceOrientationLandscapeLeft UIInterfaceOrientationLandscapeRight";
				LD_RUNPATH_SEARCH_PATHS = (
					"$(inherited)",
					"@executable_path/Frameworks",
				);
				MARKETING_VERSION = 1.0;
				PRODUCT_BUNDLE_IDENTIFIER = "com.fakecompany.card-wars";
				PRODUCT_NAME = "$(TARGET_NAME)";
				SWIFT_EMIT_LOC_STRINGS = YES;
				SWIFT_VERSION = 5.0;
				TARGETED_DEVICE_FAMILY = "1,2";
			};
			name = Debug;
		};
		D1C70FD02BF5051E00954815 /* Release */ = {
			isa = XCBuildConfiguration;
			buildSettings = {
				ASSETCATALOG_COMPILER_APPICON_NAME = AppIcon;
				ASSETCATALOG_COMPILER_GLOBAL_ACCENT_COLOR_NAME = AccentColor;
				CODE_SIGN_STYLE = Automatic;
				CURRENT_PROJECT_VERSION = 1;
				DEVELOPMENT_ASSET_PATHS = "\"card-wars/Preview Content\"";
				DEVELOPMENT_TEAM = X7TST247BQ;
				ENABLE_PREVIEWS = YES;
				GENERATE_INFOPLIST_FILE = YES;
				INFOPLIST_KEY_UIApplicationSceneManifest_Generation = YES;
				INFOPLIST_KEY_UIApplicationSupportsIndirectInputEvents = YES;
				INFOPLIST_KEY_UILaunchScreen_Generation = YES;
				INFOPLIST_KEY_UISupportedInterfaceOrientations_iPad = "UIInterfaceOrientationPortrait UIInterfaceOrientationPortraitUpsideDown UIInterfaceOrientationLandscapeLeft UIInterfaceOrientationLandscapeRight";
				INFOPLIST_KEY_UISupportedInterfaceOrientations_iPhone = "UIInterfaceOrientationPortrait UIInterfaceOrientationLandscapeLeft UIInterfaceOrientationLandscapeRight";
				LD_RUNPATH_SEARCH_PATHS = (
					"$(inherited)",
					"@executable_path/Frameworks",
				);
				MARKETING_VERSION = 1.0;
				PRODUCT_BUNDLE_IDENTIFIER = "com.fakecompany.card-wars";
				PRODUCT_NAME = "$(TARGET_NAME)";
				SWIFT_EMIT_LOC_STRINGS = YES;
				SWIFT_VERSION = 5.0;
				TARGETED_DEVICE_FAMILY = "1,2";
			};
			name = Release;
		};
		D1C70FD22BF5051E00954815 /* Debug */ = {
			isa = XCBuildConfiguration;
			buildSettings = {
				ALWAYS_EMBED_SWIFT_STANDARD_LIBRARIES = YES;
				BUNDLE_LOADER = "$(TEST_HOST)";
				CODE_SIGN_STYLE = Automatic;
				CURRENT_PROJECT_VERSION = 1;
				GENERATE_INFOPLIST_FILE = YES;
				IPHONEOS_DEPLOYMENT_TARGET = 17.5;
				MARKETING_VERSION = 1.0;
				PRODUCT_BUNDLE_IDENTIFIER = "com.fakecompany.card-warsTests";
				PRODUCT_NAME = "$(TARGET_NAME)";
				SWIFT_EMIT_LOC_STRINGS = NO;
				SWIFT_VERSION = 5.0;
				TARGETED_DEVICE_FAMILY = "1,2";
				TEST_HOST = "$(BUILT_PRODUCTS_DIR)/card-wars.app/$(BUNDLE_EXECUTABLE_FOLDER_PATH)/card-wars";
			};
			name = Debug;
		};
		D1C70FD32BF5051E00954815 /* Release */ = {
			isa = XCBuildConfiguration;
			buildSettings = {
				ALWAYS_EMBED_SWIFT_STANDARD_LIBRARIES = YES;
				BUNDLE_LOADER = "$(TEST_HOST)";
				CODE_SIGN_STYLE = Automatic;
				CURRENT_PROJECT_VERSION = 1;
				GENERATE_INFOPLIST_FILE = YES;
				IPHONEOS_DEPLOYMENT_TARGET = 17.5;
				MARKETING_VERSION = 1.0;
				PRODUCT_BUNDLE_IDENTIFIER = "com.fakecompany.card-warsTests";
				PRODUCT_NAME = "$(TARGET_NAME)";
				SWIFT_EMIT_LOC_STRINGS = NO;
				SWIFT_VERSION = 5.0;
				TARGETED_DEVICE_FAMILY = "1,2";
				TEST_HOST = "$(BUILT_PRODUCTS_DIR)/card-wars.app/$(BUNDLE_EXECUTABLE_FOLDER_PATH)/card-wars";
			};
			name = Release;
		};
		D1C70FD52BF5051E00954815 /* Debug */ = {
			isa = XCBuildConfiguration;
			buildSettings = {
				ALWAYS_EMBED_SWIFT_STANDARD_LIBRARIES = YES;
				CODE_SIGN_STYLE = Automatic;
				CURRENT_PROJECT_VERSION = 1;
				GENERATE_INFOPLIST_FILE = YES;
				MARKETING_VERSION = 1.0;
				PRODUCT_BUNDLE_IDENTIFIER = "com.fakecompany.card-warsUITests";
				PRODUCT_NAME = "$(TARGET_NAME)";
				SWIFT_EMIT_LOC_STRINGS = NO;
				SWIFT_VERSION = 5.0;
				TARGETED_DEVICE_FAMILY = "1,2";
				TEST_TARGET_NAME = "card-wars";
			};
			name = Debug;
		};
		D1C70FD62BF5051E00954815 /* Release */ = {
			isa = XCBuildConfiguration;
			buildSettings = {
				ALWAYS_EMBED_SWIFT_STANDARD_LIBRARIES = YES;
				CODE_SIGN_STYLE = Automatic;
				CURRENT_PROJECT_VERSION = 1;
				GENERATE_INFOPLIST_FILE = YES;
				MARKETING_VERSION = 1.0;
				PRODUCT_BUNDLE_IDENTIFIER = "com.fakecompany.card-warsUITests";
				PRODUCT_NAME = "$(TARGET_NAME)";
				SWIFT_EMIT_LOC_STRINGS = NO;
				SWIFT_VERSION = 5.0;
				TARGETED_DEVICE_FAMILY = "1,2";
				TEST_TARGET_NAME = "card-wars";
			};
			name = Release;
		};
/* End XCBuildConfiguration section */

/* Begin XCConfigurationList section */
		D1C70FA52BF5051C00954815 /* Build configuration list for PBXProject "card-wars" */ = {
			isa = XCConfigurationList;
			buildConfigurations = (
				D1C70FCC2BF5051E00954815 /* Debug */,
				D1C70FCD2BF5051E00954815 /* Release */,
			);
			defaultConfigurationIsVisible = 0;
			defaultConfigurationName = Release;
		};
		D1C70FCE2BF5051E00954815 /* Build configuration list for PBXNativeTarget "card-wars" */ = {
			isa = XCConfigurationList;
			buildConfigurations = (
				D1C70FCF2BF5051E00954815 /* Debug */,
				D1C70FD02BF5051E00954815 /* Release */,
			);
			defaultConfigurationIsVisible = 0;
			defaultConfigurationName = Release;
		};
		D1C70FD12BF5051E00954815 /* Build configuration list for PBXNativeTarget "card-warsTests" */ = {
			isa = XCConfigurationList;
			buildConfigurations = (
				D1C70FD22BF5051E00954815 /* Debug */,
				D1C70FD32BF5051E00954815 /* Release */,
			);
			defaultConfigurationIsVisible = 0;
			defaultConfigurationName = Release;
		};
		D1C70FD42BF5051E00954815 /* Build configuration list for PBXNativeTarget "card-warsUITests" */ = {
			isa = XCConfigurationList;
			buildConfigurations = (
				D1C70FD52BF5051E00954815 /* Debug */,
				D1C70FD62BF5051E00954815 /* Release */,
			);
			defaultConfigurationIsVisible = 0;
			defaultConfigurationName = Release;
		};
/* End XCConfigurationList section */
	};
	rootObject = D1C70FA22BF5051C00954815 /* Project object */;
}
